
Microsoft Visual Studio Solution File, Format Version 12.00
# Visual Studio Version 16
VisualStudioVersion = 16.0.31624.102
MinimumVisualStudioVersion = 10.0.40219.1
Project("{FAE04EC0-301F-11D3-BF4B-00C04F79EFBC}") = "dotnetframeworkassessment", "dotnetframeworkassessment.csproj", "{D5379A4A-EC80-464E-B899-90F67D936BAC}"
EndProject
Global
	GlobalSection(SolutionConfigurationPlatforms) = preSolution
		Debug|Any CPU = Debug|Any CPU
		Release|Any CPU = Release|Any CPU
	EndGlobalSection
	GlobalSection(ProjectConfigurationPlatforms) = postSolution
		{D5379A4A-EC80-464E-B899-90F67D936BAC}.Debug|Any CPU.ActiveCfg = Debug|Any CPU
		{D5379A4A-EC80-464E-B899-90F67D936BAC}.Debug|Any CPU.Build.0 = Debug|Any CPU
		{D5379A4A-EC80-464E-B899-90F67D936BAC}.Release|Any CPU.ActiveCfg = Release|Any CPU
		{D5379A4A-EC80-464E-B899-90F67D936BAC}.Release|Any CPU.Build.0 = Release|Any CPU
	EndGlobalSection
	GlobalSection(SolutionProperties) = preSolution
		HideSolutionNode = FALSE
	EndGlobalSection
	GlobalSection(ExtensibilityGlobals) = postSolution
		SolutionGuid = {2C83AD53-AD04-49FF-A7B8-566854C5239B}
	EndGlobalSection
EndGlobal
